
Microsoft Visual Studio Solution File, Format Version 12.00
# Visual Studio Version 16
VisualStudioVersion = 16.0.28803.452
MinimumVisualStudioVersion = 10.0.40219.1
Project("{FAE04EC0-301F-11D3-BF4B-00C04F79EFBC}") = "AlgorithmicTest", "AlgorithmicTest\AlgorithmicTest.csproj", "{F4028AF5-6D4A-4AB2-AA63-984344AA3B8A}"
EndProject
Global
	GlobalSection(SolutionConfigurationPlatforms) = preSolution
		Debug|Any CPU = Debug|Any CPU
		Release|Any CPU = Release|Any CPU
	EndGlobalSection
	GlobalSection(ProjectConfigurationPlatforms) = postSolution
		{F4028AF5-6D4A-4AB2-AA63-984344AA3B8A}.Debug|Any CPU.ActiveCfg = Debug|Any CPU
		{F4028AF5-6D4A-4AB2-AA63-984344AA3B8A}.Debug|Any CPU.Build.0 = Debug|Any CPU
		{F4028AF5-6D4A-4AB2-AA63-984344AA3B8A}.Release|Any CPU.ActiveCfg = Release|Any CPU
		{F4028AF5-6D4A-4AB2-AA63-984344AA3B8A}.Release|Any CPU.Build.0 = Release|Any CPU
	EndGlobalSection
	GlobalSection(SolutionProperties) = preSolution
		HideSolutionNode = FALSE
	EndGlobalSection
	GlobalSection(ExtensibilityGlobals) = postSolution
		SolutionGuid = {4EDFBA89-A759-467F-8B69-10B323BCE9EA}
	EndGlobalSection
EndGlobal
